
Microsoft Visual Studio Solution File, Format Version 12.00
# Visual Studio Version 16
VisualStudioVersion = 16.0.30804.86
MinimumVisualStudioVersion = 10.0.40219.1
Project("{FAE04EC0-301F-11D3-BF4B-00C04F79EFBC}") = "BeehiveSimulator", "BeehiveSimulator\BeehiveSimulator.csproj", "{6901F894-D103-4A3D-8DF8-193259F2B7CA}"
EndProject
Global
	GlobalSection(SolutionConfigurationPlatforms) = preSolution
		Debug|Any CPU = Debug|Any CPU
		Release|Any CPU = Release|Any CPU
	EndGlobalSection
	GlobalSection(ProjectConfigurationPlatforms) = postSolution
		{6901F894-D103-4A3D-8DF8-193259F2B7CA}.Debug|Any CPU.ActiveCfg = Debug|Any CPU
		{6901F894-D103-4A3D-8DF8-193259F2B7CA}.Debug|Any CPU.Build.0 = Debug|Any CPU
		{6901F894-D103-4A3D-8DF8-193259F2B7CA}.Release|Any CPU.ActiveCfg = Release|Any CPU
		{6901F894-D103-4A3D-8DF8-193259F2B7CA}.Release|Any CPU.Build.0 = Release|Any CPU
	EndGlobalSection
	GlobalSection(SolutionProperties) = preSolution
		HideSolutionNode = FALSE
	EndGlobalSection
	GlobalSection(ExtensibilityGlobals) = postSolution
		SolutionGuid = {25D04715-FB46-44A3-8E52-A67472E2B6DD}
	EndGlobalSection
EndGlobal
